
Microsoft Visual Studio Solution File, Format Version 12.00
# Visual Studio Version 17
VisualStudioVersion = 17.0.31903.59
MinimumVisualStudioVersion = 10.0.40219.1
Project("{2150E333-8FDC-42A3-9474-1A3956D46DE8}") = "src", "src", "{8483E5B3-678B-4726-95D9-5D2C54AD38A7}"
EndProject
Project("{FAE04EC0-301F-11D3-BF4B-00C04F79EFBC}") = "AuthorizationServer", "src\AuthorizationServer\AuthorizationServer.csproj", "{3B4D7871-CF73-4668-AFD7-E708879B22EA}"
EndProject
Global
	GlobalSection(SolutionConfigurationPlatforms) = preSolution
		Debug|Any CPU = Debug|Any CPU
		Release|Any CPU = Release|Any CPU
	EndGlobalSection
	GlobalSection(SolutionProperties) = preSolution
		HideSolutionNode = FALSE
	EndGlobalSection
	GlobalSection(ProjectConfigurationPlatforms) = postSolution
		{3B4D7871-CF73-4668-AFD7-E708879B22EA}.Debug|Any CPU.ActiveCfg = Debug|Any CPU
		{3B4D7871-CF73-4668-AFD7-E708879B22EA}.Debug|Any CPU.Build.0 = Debug|Any CPU
		{3B4D7871-CF73-4668-AFD7-E708879B22EA}.Release|Any CPU.ActiveCfg = Release|Any CPU
		{3B4D7871-CF73-4668-AFD7-E708879B22EA}.Release|Any CPU.Build.0 = Release|Any CPU
	EndGlobalSection
	GlobalSection(NestedProjects) = preSolution
		{3B4D7871-CF73-4668-AFD7-E708879B22EA} = {8483E5B3-678B-4726-95D9-5D2C54AD38A7}
	EndGlobalSection
EndGlobal
